
Microsoft Visual Studio Solution File, Format Version 12.00
# Visual Studio Version 16
VisualStudioVersion = 16.0.30320.27
MinimumVisualStudioVersion = 10.0.40219.1
Project("{FAE04EC0-301F-11D3-BF4B-00C04F79EFBC}") = "OxfordDictionary_RNTTHA006", "OxfordDictionary_RNTTHA006.csproj", "{16C04168-F66A-4FD6-9A59-A2928C9CDC9D}"
EndProject
Global
	GlobalSection(SolutionConfigurationPlatforms) = preSolution
		Debug|Any CPU = Debug|Any CPU
		Release|Any CPU = Release|Any CPU
	EndGlobalSection
	GlobalSection(ProjectConfigurationPlatforms) = postSolution
		{16C04168-F66A-4FD6-9A59-A2928C9CDC9D}.Debug|Any CPU.ActiveCfg = Debug|Any CPU
		{16C04168-F66A-4FD6-9A59-A2928C9CDC9D}.Debug|Any CPU.Build.0 = Debug|Any CPU
		{16C04168-F66A-4FD6-9A59-A2928C9CDC9D}.Release|Any CPU.ActiveCfg = Release|Any CPU
		{16C04168-F66A-4FD6-9A59-A2928C9CDC9D}.Release|Any CPU.Build.0 = Release|Any CPU
	EndGlobalSection
	GlobalSection(SolutionProperties) = preSolution
		HideSolutionNode = FALSE
	EndGlobalSection
	GlobalSection(ExtensibilityGlobals) = postSolution
		SolutionGuid = {36C9CB5D-6441-412A-AE86-317F8B64BB0D}
	EndGlobalSection
EndGlobal
